
Microsoft Visual Studio Solution File, Format Version 12.00
# Visual Studio Version 17
VisualStudioVersion = 17.14.36414.22 d17.14
MinimumVisualStudioVersion = 10.0.40219.1
Project("{FAE04EC0-301F-11D3-BF4B-00C04F79EFBC}") = "CalculationApplicationWeb", "CalculationApplicationWeb\CalculationApplicationWeb.csproj", "{DE476527-606A-44EB-B71F-A2E2B0B0913E}"
EndProject
Global
	GlobalSection(SolutionConfigurationPlatforms) = preSolution
		Debug|Any CPU = Debug|Any CPU
		Release|Any CPU = Release|Any CPU
	EndGlobalSection
	GlobalSection(ProjectConfigurationPlatforms) = postSolution
		{DE476527-606A-44EB-B71F-A2E2B0B0913E}.Debug|Any CPU.ActiveCfg = Debug|Any CPU
		{DE476527-606A-44EB-B71F-A2E2B0B0913E}.Debug|Any CPU.Build.0 = Debug|Any CPU
		{DE476527-606A-44EB-B71F-A2E2B0B0913E}.Release|Any CPU.ActiveCfg = Release|Any CPU
		{DE476527-606A-44EB-B71F-A2E2B0B0913E}.Release|Any CPU.Build.0 = Release|Any CPU
	EndGlobalSection
	GlobalSection(SolutionProperties) = preSolution
		HideSolutionNode = FALSE
	EndGlobalSection
	GlobalSection(ExtensibilityGlobals) = postSolution
		SolutionGuid = {C62D946D-6E41-4CD9-AB91-E7F63680E324}
	EndGlobalSection
EndGlobal
